
Microsoft Visual Studio Solution File, Format Version 12.00
# Visual Studio Version 17
VisualStudioVersion = 17.6.33712.159
MinimumVisualStudioVersion = 10.0.40219.1
Project("{FAE04EC0-301F-11D3-BF4B-00C04F79EFBC}") = "CustomStreamMaker", "CustomStreamMaker.csproj", "{8E24E12E-D921-4C38-845C-02860357CCEC}"
EndProject
Global
	GlobalSection(SolutionConfigurationPlatforms) = preSolution
		Debug|Any CPU = Debug|Any CPU
		Release|Any CPU = Release|Any CPU
	EndGlobalSection
	GlobalSection(ProjectConfigurationPlatforms) = postSolution
		{8E24E12E-D921-4C38-845C-02860357CCEC}.Debug|Any CPU.ActiveCfg = Debug|Any CPU
		{8E24E12E-D921-4C38-845C-02860357CCEC}.Debug|Any CPU.Build.0 = Debug|Any CPU
		{8E24E12E-D921-4C38-845C-02860357CCEC}.Release|Any CPU.ActiveCfg = Release|Any CPU
		{8E24E12E-D921-4C38-845C-02860357CCEC}.Release|Any CPU.Build.0 = Release|Any CPU
	EndGlobalSection
	GlobalSection(SolutionProperties) = preSolution
		HideSolutionNode = FALSE
	EndGlobalSection
	GlobalSection(ExtensibilityGlobals) = postSolution
		SolutionGuid = {A26AE7CF-82FB-48F7-8C3D-C6D7A8B6DDF6}
	EndGlobalSection
EndGlobal
